
Microsoft Visual Studio Solution File, Format Version 12.00
# Visual Studio 15
VisualStudioVersion = 15.0.28307.645
MinimumVisualStudioVersion = 10.0.40219.1
Project("{FAE04EC0-301F-11D3-BF4B-00C04F79EFBC}") = "tests", "tests\tests.csproj", "{12D0BA84-3BBC-490B-8D58-14DFC659C035}"
EndProject
Global
	GlobalSection(SolutionConfigurationPlatforms) = preSolution
		Debug|Any CPU = Debug|Any CPU
		Release|Any CPU = Release|Any CPU
	EndGlobalSection
	GlobalSection(ProjectConfigurationPlatforms) = postSolution
		{12D0BA84-3BBC-490B-8D58-14DFC659C035}.Debug|Any CPU.ActiveCfg = Debug|Any CPU
		{12D0BA84-3BBC-490B-8D58-14DFC659C035}.Debug|Any CPU.Build.0 = Debug|Any CPU
		{12D0BA84-3BBC-490B-8D58-14DFC659C035}.Release|Any CPU.ActiveCfg = Release|Any CPU
		{12D0BA84-3BBC-490B-8D58-14DFC659C035}.Release|Any CPU.Build.0 = Release|Any CPU
	EndGlobalSection
	GlobalSection(SolutionProperties) = preSolution
		HideSolutionNode = FALSE
	EndGlobalSection
	GlobalSection(ExtensibilityGlobals) = postSolution
		SolutionGuid = {8A192804-7F89-4FBF-9C18-8BCEB8427179}
	EndGlobalSection
EndGlobal
